
Microsoft Visual Studio Solution File, Format Version 12.00
# Visual Studio Version 17
VisualStudioVersion = 17.7.34031.279
MinimumVisualStudioVersion = 10.0.40219.1
Project("{FAE04EC0-301F-11D3-BF4B-00C04F79EFBC}") = "Datos", "Datos\Datos.csproj", "{2329FA0A-D39D-4CF7-A263-203062191975}"
EndProject
Project("{FAE04EC0-301F-11D3-BF4B-00C04F79EFBC}") = "Negocio", "Negocio\Negocio.csproj", "{64E22072-B691-495E-A20A-08D8D4DEE924}"
EndProject
Project("{FAE04EC0-301F-11D3-BF4B-00C04F79EFBC}") = "Entidades", "Entidades\Entidades.csproj", "{7EDFD7B3-4867-4C9F-89C6-CAB2337F7997}"
EndProject
Project("{FAE04EC0-301F-11D3-BF4B-00C04F79EFBC}") = "Presentacion", "Presentacion\Presentacion.csproj", "{50A73D65-F005-4AE1-9FEF-CDF85BA0F726}"
EndProject
Global
	GlobalSection(SolutionConfigurationPlatforms) = preSolution
		Debug|Any CPU = Debug|Any CPU
		Release|Any CPU = Release|Any CPU
	EndGlobalSection
	GlobalSection(ProjectConfigurationPlatforms) = postSolution
		{2329FA0A-D39D-4CF7-A263-203062191975}.Debug|Any CPU.ActiveCfg = Debug|Any CPU
		{2329FA0A-D39D-4CF7-A263-203062191975}.Debug|Any CPU.Build.0 = Debug|Any CPU
		{2329FA0A-D39D-4CF7-A263-203062191975}.Release|Any CPU.ActiveCfg = Release|Any CPU
		{2329FA0A-D39D-4CF7-A263-203062191975}.Release|Any CPU.Build.0 = Release|Any CPU
		{64E22072-B691-495E-A20A-08D8D4DEE924}.Debug|Any CPU.ActiveCfg = Debug|Any CPU
		{64E22072-B691-495E-A20A-08D8D4DEE924}.Debug|Any CPU.Build.0 = Debug|Any CPU
		{64E22072-B691-495E-A20A-08D8D4DEE924}.Release|Any CPU.ActiveCfg = Release|Any CPU
		{64E22072-B691-495E-A20A-08D8D4DEE924}.Release|Any CPU.Build.0 = Release|Any CPU
		{7EDFD7B3-4867-4C9F-89C6-CAB2337F7997}.Debug|Any CPU.ActiveCfg = Debug|Any CPU
		{7EDFD7B3-4867-4C9F-89C6-CAB2337F7997}.Debug|Any CPU.Build.0 = Debug|Any CPU
		{7EDFD7B3-4867-4C9F-89C6-CAB2337F7997}.Release|Any CPU.ActiveCfg = Release|Any CPU
		{7EDFD7B3-4867-4C9F-89C6-CAB2337F7997}.Release|Any CPU.Build.0 = Release|Any CPU
		{50A73D65-F005-4AE1-9FEF-CDF85BA0F726}.Debug|Any CPU.ActiveCfg = Debug|Any CPU
		{50A73D65-F005-4AE1-9FEF-CDF85BA0F726}.Debug|Any CPU.Build.0 = Debug|Any CPU
		{50A73D65-F005-4AE1-9FEF-CDF85BA0F726}.Release|Any CPU.ActiveCfg = Release|Any CPU
		{50A73D65-F005-4AE1-9FEF-CDF85BA0F726}.Release|Any CPU.Build.0 = Release|Any CPU
	EndGlobalSection
	GlobalSection(SolutionProperties) = preSolution
		HideSolutionNode = FALSE
	EndGlobalSection
	GlobalSection(ExtensibilityGlobals) = postSolution
		SolutionGuid = {81B70FAE-C6D7-408D-B5C9-0D59EDFCD278}
	EndGlobalSection
EndGlobal
